
Microsoft Visual Studio Solution File, Format Version 12.00
# Visual Studio 15
VisualStudioVersion = 15.0.28307.645
MinimumVisualStudioVersion = 10.0.40219.1
Project("{FAE04EC0-301F-11D3-BF4B-00C04F79EFBC}") = "App7.Android", "App7\App7.Android\App7.Android.csproj", "{C945FE84-E0F8-4D0B-BBE8-4B3FF5375780}"
EndProject
Project("{FAE04EC0-301F-11D3-BF4B-00C04F79EFBC}") = "App7.iOS", "App7\App7.iOS\App7.iOS.csproj", "{0F3B3C81-1AB9-4D1E-B02A-FEB86DB26813}"
EndProject
Project("{FAE04EC0-301F-11D3-BF4B-00C04F79EFBC}") = "App7", "App7\App7\App7.csproj", "{2FD93E58-A50E-4F27-B03C-7D6AEC068668}"
EndProject
Global
	GlobalSection(SolutionConfigurationPlatforms) = preSolution
		Ad-Hoc|Any CPU = Ad-Hoc|Any CPU
		Ad-Hoc|iPhone = Ad-Hoc|iPhone
		Ad-Hoc|iPhoneSimulator = Ad-Hoc|iPhoneSimulator
		AppStore|Any CPU = AppStore|Any CPU
		AppStore|iPhone = AppStore|iPhone
		AppStore|iPhoneSimulator = AppStore|iPhoneSimulator
		Debug|Any CPU = Debug|Any CPU
		Debug|iPhone = Debug|iPhone
		Debug|iPhoneSimulator = Debug|iPhoneSimulator
		Release|Any CPU = Release|Any CPU
		Release|iPhone = Release|iPhone
		Release|iPhoneSimulator = Release|iPhoneSimulator
	EndGlobalSection
	GlobalSection(ProjectConfigurationPlatforms) = postSolution
		{C945FE84-E0F8-4D0B-BBE8-4B3FF5375780}.Ad-Hoc|Any CPU.ActiveCfg = Release|Any CPU
		{C945FE84-E0F8-4D0B-BBE8-4B3FF5375780}.Ad-Hoc|Any CPU.Build.0 = Release|Any CPU
		{C945FE84-E0F8-4D0B-BBE8-4B3FF5375780}.Ad-Hoc|Any CPU.Deploy.0 = Release|Any CPU
		{C945FE84-E0F8-4D0B-BBE8-4B3FF5375780}.Ad-Hoc|iPhone.ActiveCfg = Release|Any CPU
		{C945FE84-E0F8-4D0B-BBE8-4B3FF5375780}.Ad-Hoc|iPhone.Build.0 = Release|Any CPU
		{C945FE84-E0F8-4D0B-BBE8-4B3FF5375780}.Ad-Hoc|iPhone.Deploy.0 = Release|Any CPU
		{C945FE84-E0F8-4D0B-BBE8-4B3FF5375780}.Ad-Hoc|iPhoneSimulator.ActiveCfg = Release|Any CPU
		{C945FE84-E0F8-4D0B-BBE8-4B3FF5375780}.Ad-Hoc|iPhoneSimulator.Build.0 = Release|Any CPU
		{C945FE84-E0F8-4D0B-BBE8-4B3FF5375780}.Ad-Hoc|iPhoneSimulator.Deploy.0 = Release|Any CPU
		{C945FE84-E0F8-4D0B-BBE8-4B3FF5375780}.AppStore|Any CPU.ActiveCfg = Release|Any CPU
		{C945FE84-E0F8-4D0B-BBE8-4B3FF5375780}.AppStore|Any CPU.Build.0 = Release|Any CPU
		{C945FE84-E0F8-4D0B-BBE8-4B3FF5375780}.AppStore|Any CPU.Deploy.0 = Release|Any CPU
		{C945FE84-E0F8-4D0B-BBE8-4B3FF5375780}.AppStore|iPhone.ActiveCfg = Release|Any CPU
		{C945FE84-E0F8-4D0B-BBE8-4B3FF5375780}.AppStore|iPhone.Build.0 = Release|Any CPU
		{C945FE84-E0F8-4D0B-BBE8-4B3FF5375780}.AppStore|iPhone.Deploy.0 = Release|Any CPU
		{C945FE84-E0F8-4D0B-BBE8-4B3FF5375780}.AppStore|iPhoneSimulator.ActiveCfg = Release|Any CPU
		{C945FE84-E0F8-4D0B-BBE8-4B3FF5375780}.AppStore|iPhoneSimulator.Build.0 = Release|Any CPU
		{C945FE84-E0F8-4D0B-BBE8-4B3FF5375780}.AppStore|iPhoneSimulator.Deploy.0 = Release|Any CPU
		{C945FE84-E0F8-4D0B-BBE8-4B3FF5375780}.Debug|Any CPU.ActiveCfg = Debug|Any CPU
		{C945FE84-E0F8-4D0B-BBE8-4B3FF5375780}.Debug|Any CPU.Build.0 = Debug|Any CPU
		{C945FE84-E0F8-4D0B-BBE8-4B3FF5375780}.Debug|Any CPU.Deploy.0 = Debug|Any CPU
		{C945FE84-E0F8-4D0B-BBE8-4B3FF5375780}.Debug|iPhone.ActiveCfg = Debug|Any CPU
		{C945FE84-E0F8-4D0B-BBE8-4B3FF5375780}.Debug|iPhone.Build.0 = Debug|Any CPU
		{C945FE84-E0F8-4D0B-BBE8-4B3FF5375780}.Debug|iPhone.Deploy.0 = Debug|Any CPU
		{C945FE84-E0F8-4D0B-BBE8-4B3FF5375780}.Debug|iPhoneSimulator.ActiveCfg = Debug|Any CPU
		{C945FE84-E0F8-4D0B-BBE8-4B3FF5375780}.Debug|iPhoneSimulator.Build.0 = Debug|Any CPU
		{C945FE84-E0F8-4D0B-BBE8-4B3FF5375780}.Debug|iPhoneSimulator.Deploy.0 = Debug|Any CPU
		{C945FE84-E0F8-4D0B-BBE8-4B3FF5375780}.Release|Any CPU.ActiveCfg = Release|Any CPU
		{C945FE84-E0F8-4D0B-BBE8-4B3FF5375780}.Release|Any CPU.Build.0 = Release|Any CPU
		{C945FE84-E0F8-4D0B-BBE8-4B3FF5375780}.Release|Any CPU.Deploy.0 = Release|Any CPU
		{C945FE84-E0F8-4D0B-BBE8-4B3FF5375780}.Release|iPhone.ActiveCfg = Release|Any CPU
		{C945FE84-E0F8-4D0B-BBE8-4B3FF5375780}.Release|iPhone.Build.0 = Release|Any CPU
		{C945FE84-E0F8-4D0B-BBE8-4B3FF5375780}.Release|iPhone.Deploy.0 = Release|Any CPU
		{C945FE84-E0F8-4D0B-BBE8-4B3FF5375780}.Release|iPhoneSimulator.ActiveCfg = Release|Any CPU
		{C945FE84-E0F8-4D0B-BBE8-4B3FF5375780}.Release|iPhoneSimulator.Build.0 = Release|Any CPU
		{C945FE84-E0F8-4D0B-BBE8-4B3FF5375780}.Release|iPhoneSimulator.Deploy.0 = Release|Any CPU
		{0F3B3C81-1AB9-4D1E-B02A-FEB86DB26813}.Ad-Hoc|Any CPU.ActiveCfg = Ad-Hoc|iPhone
		{0F3B3C81-1AB9-4D1E-B02A-FEB86DB26813}.Ad-Hoc|Any CPU.Build.0 = Ad-Hoc|iPhone
		{0F3B3C81-1AB9-4D1E-B02A-FEB86DB26813}.Ad-Hoc|Any CPU.Deploy.0 = Ad-Hoc|iPhone
		{0F3B3C81-1AB9-4D1E-B02A-FEB86DB26813}.Ad-Hoc|iPhone.ActiveCfg = Ad-Hoc|iPhone
		{0F3B3C81-1AB9-4D1E-B02A-FEB86DB26813}.Ad-Hoc|iPhone.Build.0 = Ad-Hoc|iPhone
		{0F3B3C81-1AB9-4D1E-B02A-FEB86DB26813}.Ad-Hoc|iPhone.Deploy.0 = Ad-Hoc|iPhone
		{0F3B3C81-1AB9-4D1E-B02A-FEB86DB26813}.Ad-Hoc|iPhoneSimulator.ActiveCfg = Ad-Hoc|iPhoneSimulator
		{0F3B3C81-1AB9-4D1E-B02A-FEB86DB26813}.Ad-Hoc|iPhoneSimulator.Build.0 = Ad-Hoc|iPhoneSimulator
		{0F3B3C81-1AB9-4D1E-B02A-FEB86DB26813}.Ad-Hoc|iPhoneSimulator.Deploy.0 = Ad-Hoc|iPhoneSimulator
		{0F3B3C81-1AB9-4D1E-B02A-FEB86DB26813}.AppStore|Any CPU.ActiveCfg = AppStore|iPhone
		{0F3B3C81-1AB9-4D1E-B02A-FEB86DB26813}.AppStore|Any CPU.Build.0 = AppStore|iPhone
		{0F3B3C81-1AB9-4D1E-B02A-FEB86DB26813}.AppStore|Any CPU.Deploy.0 = AppStore|iPhone
		{0F3B3C81-1AB9-4D1E-B02A-FEB86DB26813}.AppStore|iPhone.ActiveCfg = AppStore|iPhone
		{0F3B3C81-1AB9-4D1E-B02A-FEB86DB26813}.AppStore|iPhone.Build.0 = AppStore|iPhone
		{0F3B3C81-1AB9-4D1E-B02A-FEB86DB26813}.AppStore|iPhone.Deploy.0 = AppStore|iPhone
		{0F3B3C81-1AB9-4D1E-B02A-FEB86DB26813}.AppStore|iPhoneSimulator.ActiveCfg = AppStore|iPhoneSimulator
		{0F3B3C81-1AB9-4D1E-B02A-FEB86DB26813}.AppStore|iPhoneSimulator.Build.0 = AppStore|iPhoneSimulator
		{0F3B3C81-1AB9-4D1E-B02A-FEB86DB26813}.AppStore|iPhoneSimulator.Deploy.0 = AppStore|iPhoneSimulator
		{0F3B3C81-1AB9-4D1E-B02A-FEB86DB26813}.Debug|Any CPU.ActiveCfg = Debug|iPhoneSimulator
		{0F3B3C81-1AB9-4D1E-B02A-FEB86DB26813}.Debug|Any CPU.Build.0 = Debug|iPhoneSimulator
		{0F3B3C81-1AB9-4D1E-B02A-FEB86DB26813}.Debug|Any CPU.Deploy.0 = Debug|iPhoneSimulator
		{0F3B3C81-1AB9-4D1E-B02A-FEB86DB26813}.Debug|iPhone.ActiveCfg = Debug|iPhone
		{0F3B3C81-1AB9-4D1E-B02A-FEB86DB26813}.Debug|iPhone.Build.0 = Debug|iPhone
		{0F3B3C81-1AB9-4D1E-B02A-FEB86DB26813}.Debug|iPhone.Deploy.0 = Debug|iPhone
		{0F3B3C81-1AB9-4D1E-B02A-FEB86DB26813}.Debug|iPhoneSimulator.ActiveCfg = Debug|iPhoneSimulator
		{0F3B3C81-1AB9-4D1E-B02A-FEB86DB26813}.Debug|iPhoneSimulator.Build.0 = Debug|iPhoneSimulator
		{0F3B3C81-1AB9-4D1E-B02A-FEB86DB26813}.Debug|iPhoneSimulator.Deploy.0 = Debug|iPhoneSimulator
		{0F3B3C81-1AB9-4D1E-B02A-FEB86DB26813}.Release|Any CPU.ActiveCfg = Release|iPhone
		{0F3B3C81-1AB9-4D1E-B02A-FEB86DB26813}.Release|Any CPU.Build.0 = Release|iPhone
		{0F3B3C81-1AB9-4D1E-B02A-FEB86DB26813}.Release|Any CPU.Deploy.0 = Release|iPhone
		{0F3B3C81-1AB9-4D1E-B02A-FEB86DB26813}.Release|iPhone.ActiveCfg = Release|iPhone
		{0F3B3C81-1AB9-4D1E-B02A-FEB86DB26813}.Release|iPhone.Build.0 = Release|iPhone
		{0F3B3C81-1AB9-4D1E-B02A-FEB86DB26813}.Release|iPhone.Deploy.0 = Release|iPhone
		{0F3B3C81-1AB9-4D1E-B02A-FEB86DB26813}.Release|iPhoneSimulator.ActiveCfg = Release|iPhoneSimulator
		{0F3B3C81-1AB9-4D1E-B02A-FEB86DB26813}.Release|iPhoneSimulator.Build.0 = Release|iPhoneSimulator
		{0F3B3C81-1AB9-4D1E-B02A-FEB86DB26813}.Release|iPhoneSimulator.Deploy.0 = Release|iPhoneSimulator
		{2FD93E58-A50E-4F27-B03C-7D6AEC068668}.Ad-Hoc|Any CPU.ActiveCfg = Debug|Any CPU
		{2FD93E58-A50E-4F27-B03C-7D6AEC068668}.Ad-Hoc|Any CPU.Build.0 = Debug|Any CPU
		{2FD93E58-A50E-4F27-B03C-7D6AEC068668}.Ad-Hoc|Any CPU.Deploy.0 = Debug|Any CPU
		{2FD93E58-A50E-4F27-B03C-7D6AEC068668}.Ad-Hoc|iPhone.ActiveCfg = Debug|Any CPU
		{2FD93E58-A50E-4F27-B03C-7D6AEC068668}.Ad-Hoc|iPhone.Build.0 = Debug|Any CPU
		{2FD93E58-A50E-4F27-B03C-7D6AEC068668}.Ad-Hoc|iPhone.Deploy.0 = Debug|Any CPU
		{2FD93E58-A50E-4F27-B03C-7D6AEC068668}.Ad-Hoc|iPhoneSimulator.ActiveCfg = Debug|Any CPU
		{2FD93E58-A50E-4F27-B03C-7D6AEC068668}.Ad-Hoc|iPhoneSimulator.Build.0 = Debug|Any CPU
		{2FD93E58-A50E-4F27-B03C-7D6AEC068668}.Ad-Hoc|iPhoneSimulator.Deploy.0 = Debug|Any CPU
		{2FD93E58-A50E-4F27-B03C-7D6AEC068668}.AppStore|Any CPU.ActiveCfg = Debug|Any CPU
		{2FD93E58-A50E-4F27-B03C-7D6AEC068668}.AppStore|Any CPU.Build.0 = Debug|Any CPU
		{2FD93E58-A50E-4F27-B03C-7D6AEC068668}.AppStore|Any CPU.Deploy.0 = Debug|Any CPU
		{2FD93E58-A50E-4F27-B03C-7D6AEC068668}.AppStore|iPhone.ActiveCfg = Debug|Any CPU
		{2FD93E58-A50E-4F27-B03C-7D6AEC068668}.AppStore|iPhone.Build.0 = Debug|Any CPU
		{2FD93E58-A50E-4F27-B03C-7D6AEC068668}.AppStore|iPhone.Deploy.0 = Debug|Any CPU
		{2FD93E58-A50E-4F27-B03C-7D6AEC068668}.AppStore|iPhoneSimulator.ActiveCfg = Debug|Any CPU
		{2FD93E58-A50E-4F27-B03C-7D6AEC068668}.AppStore|iPhoneSimulator.Build.0 = Debug|Any CPU
		{2FD93E58-A50E-4F27-B03C-7D6AEC068668}.AppStore|iPhoneSimulator.Deploy.0 = Debug|Any CPU
		{2FD93E58-A50E-4F27-B03C-7D6AEC068668}.Debug|Any CPU.ActiveCfg = Debug|Any CPU
		{2FD93E58-A50E-4F27-B03C-7D6AEC068668}.Debug|Any CPU.Build.0 = Debug|Any CPU
		{2FD93E58-A50E-4F27-B03C-7D6AEC068668}.Debug|Any CPU.Deploy.0 = Debug|Any CPU
		{2FD93E58-A50E-4F27-B03C-7D6AEC068668}.Debug|iPhone.ActiveCfg = Debug|Any CPU
		{2FD93E58-A50E-4F27-B03C-7D6AEC068668}.Debug|iPhone.Build.0 = Debug|Any CPU
		{2FD93E58-A50E-4F27-B03C-7D6AEC068668}.Debug|iPhone.Deploy.0 = Debug|Any CPU
		{2FD93E58-A50E-4F27-B03C-7D6AEC068668}.Debug|iPhoneSimulator.ActiveCfg = Debug|Any CPU
		{2FD93E58-A50E-4F27-B03C-7D6AEC068668}.Debug|iPhoneSimulator.Build.0 = Debug|Any CPU
		{2FD93E58-A50E-4F27-B03C-7D6AEC068668}.Debug|iPhoneSimulator.Deploy.0 = Debug|Any CPU
		{2FD93E58-A50E-4F27-B03C-7D6AEC068668}.Release|Any CPU.ActiveCfg = Release|Any CPU
		{2FD93E58-A50E-4F27-B03C-7D6AEC068668}.Release|Any CPU.Build.0 = Release|Any CPU
		{2FD93E58-A50E-4F27-B03C-7D6AEC068668}.Release|Any CPU.Deploy.0 = Release|Any CPU
		{2FD93E58-A50E-4F27-B03C-7D6AEC068668}.Release|iPhone.ActiveCfg = Release|Any CPU
		{2FD93E58-A50E-4F27-B03C-7D6AEC068668}.Release|iPhone.Build.0 = Release|Any CPU
		{2FD93E58-A50E-4F27-B03C-7D6AEC068668}.Release|iPhone.Deploy.0 = Release|Any CPU
		{2FD93E58-A50E-4F27-B03C-7D6AEC068668}.Release|iPhoneSimulator.ActiveCfg = Release|Any CPU
		{2FD93E58-A50E-4F27-B03C-7D6AEC068668}.Release|iPhoneSimulator.Build.0 = Release|Any CPU
		{2FD93E58-A50E-4F27-B03C-7D6AEC068668}.Release|iPhoneSimulator.Deploy.0 = Release|Any CPU
	EndGlobalSection
	GlobalSection(SolutionProperties) = preSolution
		HideSolutionNode = FALSE
	EndGlobalSection
	GlobalSection(ExtensibilityGlobals) = postSolution
		SolutionGuid = {2795A652-ED5E-4DC9-BF9C-70AC50DC8316}
	EndGlobalSection
EndGlobal
